
Microsoft Visual Studio Solution File, Format Version 12.00
# Visual Studio Version 17
VisualStudioVersion = 17.12.35506.116
MinimumVisualStudioVersion = 10.0.40219.1
Project("{FAE04EC0-301F-11D3-BF4B-00C04F79EFBC}") = "亂七八糟.AppHost", "亂七八糟.AppHost\亂七八糟.AppHost.csproj", "{68376F49-03FF-4807-B0E4-C69AAC262AE2}"
EndProject
Project("{FAE04EC0-301F-11D3-BF4B-00C04F79EFBC}") = "亂七八糟.ServiceDefaults", "亂七八糟.ServiceDefaults\亂七八糟.ServiceDefaults.csproj", "{E169B0EE-4882-483C-B41E-384CA0212535}"
EndProject
Project("{FAE04EC0-301F-11D3-BF4B-00C04F79EFBC}") = "亂七八糟.ApiService", "亂七八糟.ApiService\亂七八糟.ApiService.csproj", "{51F4C3B4-981F-4EAE-984E-5C50E00B1EA8}"
EndProject
Project("{FAE04EC0-301F-11D3-BF4B-00C04F79EFBC}") = "亂七八糟.Web", "亂七八糟.Web\亂七八糟.Web.csproj", "{EBFA987D-C490-4144-8D7A-D8D471892525}"
EndProject
Project("{FAE04EC0-301F-11D3-BF4B-00C04F79EFBC}") = "亂七八糟.Tests", "亂七八糟.Tests\亂七八糟.Tests.csproj", "{665BD8EE-4513-4CD3-9401-E6F35957B3DC}"
EndProject
Project("{FAE04EC0-301F-11D3-BF4B-00C04F79EFBC}") = "亂七八糟.Model", "亂七八糟.Model\亂七八糟.Model.csproj", "{AFA626F4-A205-4EF7-92D8-FFFB0E4CBBA8}"
EndProject
Project("{FAE04EC0-301F-11D3-BF4B-00C04F79EFBC}") = "亂七八糟.RazorClassLibrary", "亂七八糟.RazorClassLibrary\亂七八糟.RazorClassLibrary.csproj", "{680E8153-F0EF-4541-A9A9-A87040059485}"
EndProject
Project("{FAE04EC0-301F-11D3-BF4B-00C04F79EFBC}") = "亂七八糟.Shared", "亂七八糟.Shared\亂七八糟.Shared.csproj", "{EA5A8E86-38B2-4650-91F8-ECDC76DC48B5}"
EndProject
Project("{FAE04EC0-301F-11D3-BF4B-00C04F79EFBC}") = "亂七八糟.BackgroundServices", "亂七八糟.BackgroundServices\亂七八糟.BackgroundServices.csproj", "{5EC77A4B-1033-47AD-ABEF-1E0CC96CE948}"
EndProject
Project("{FAE04EC0-301F-11D3-BF4B-00C04F79EFBC}") = "亂七八糟.Azure", "亂七八糟.Azure\亂七八糟.Azure.csproj", "{803F51AA-0F8F-4405-9841-5C1A4A296E8B}"
EndProject
Project("{FAE04EC0-301F-11D3-BF4B-00C04F79EFBC}") = "亂七八糟.DataAccessLayer", "亂七八糟.DataAccessLayer\亂七八糟.DataAccessLayer.csproj", "{675D6E84-22BF-4B31-B3D7-E79DD3D3B13D}"
EndProject
Project("{FAE04EC0-301F-11D3-BF4B-00C04F79EFBC}") = "亂七八糟.Smart", "亂七八糟.Smart\亂七八糟.Smart.csproj", "{0EDF8BE6-5790-4764-B7D9-C86324128AC4}"
EndProject
Project("{FAE04EC0-301F-11D3-BF4B-00C04F79EFBC}") = "亂七八糟.Serialization", "亂七八糟.Serialization\亂七八糟.Serialization.csproj", "{4A315682-B595-4C7D-9562-A2C8A4FC6773}"
EndProject
Project("{FAE04EC0-301F-11D3-BF4B-00C04F79EFBC}") = "亂七八糟.Logging", "亂七八糟.Logging\亂七八糟.Logging.csproj", "{CFC4239F-9060-4CE4-A0CE-84C77E09C7E1}"
EndProject
Project("{FAE04EC0-301F-11D3-BF4B-00C04F79EFBC}") = "亂七八糟.Standard", "亂七八糟.Standard\亂七八糟.Standard.csproj", "{80B7712C-E6C3-4573-8071-A8AE56CF2471}"
EndProject
Project("{FAE04EC0-301F-11D3-BF4B-00C04F79EFBC}") = "亂七八糟.Tensor", "亂七八糟.Tensor\亂七八糟.Tensor.csproj", "{DC5CA6F5-468D-44D4-8D12-B5BD0F5E1D39}"
EndProject
Project("{FAE04EC0-301F-11D3-BF4B-00C04F79EFBC}") = "亂七八糟.Threading", "亂七八糟.Threading\亂七八糟.Threading.csproj", "{2E615FB8-DEE6-4EB0-8A16-F490510A7ED6}"
EndProject
Project("{FAE04EC0-301F-11D3-BF4B-00C04F79EFBC}") = "亂七八糟.Prompt", "亂七八糟.Prompt\亂七八糟.Prompt.csproj", "{49B623EE-6AD7-408B-B676-9A62C6401C67}"
EndProject
Project("{FAE04EC0-301F-11D3-BF4B-00C04F79EFBC}") = "亂七八糟.BlazorServerApp", "亂七八糟.BlazorServerApp\亂七八糟.BlazorServerApp.csproj", "{8BFEB99B-343C-4357-A18F-EFFAC0C6C193}"
EndProject
Project("{FAE04EC0-301F-11D3-BF4B-00C04F79EFBC}") = "亂七八糟.Extension", "亂七八糟.Extension\亂七八糟.Extension.csproj", "{65527A88-92B3-4D67-ACF4-6A1C917DEEBB}"
EndProject
Project("{FAE04EC0-301F-11D3-BF4B-00C04F79EFBC}") = "亂七八糟.SourceGenerators", "亂七八糟.SourceGenerators\亂七八糟.SourceGenerators.csproj", "{06835989-6D6E-4D81-A9C8-22F0E3E9EF7D}"
EndProject
Project("{FAE04EC0-301F-11D3-BF4B-00C04F79EFBC}") = "亂七八糟.Console", "亂七八糟.Console\亂七八糟.Console.csproj", "{375AEDC3-DA5E-4846-A94B-867EE1673C19}"
EndProject
Project("{2150E333-8FDC-42A3-9474-1A3956D46DE8}") = "反射", "反射", "{F9ABA2B7-D55D-4CF8-BB7F-B8ECC29608F9}"
EndProject
Project("{FAE04EC0-301F-11D3-BF4B-00C04F79EFBC}") = "亂七八糟.Fluxor", "亂七八糟.Fluxor\亂七八糟.Fluxor.csproj", "{306734FB-402D-40B8-AB25-C821AEE93227}"
EndProject
Project("{FAE04EC0-301F-11D3-BF4B-00C04F79EFBC}") = "亂七八糟.Fluxor.Web", "亂七八糟.Fluxor.Web\亂七八糟.Fluxor.Web.csproj", "{A2B7870A-64BF-48C3-BC41-AF7CBEC3BAF9}"
EndProject
Project("{FAE04EC0-301F-11D3-BF4B-00C04F79EFBC}") = "亂七八糟.Fluxor.Razor", "亂七八糟.Fluxor.Razor\亂七八糟.Fluxor.Razor.csproj", "{FA58E8F5-1E7D-44FB-8D9C-E2AAF03865C9}"
EndProject
Project("{FAE04EC0-301F-11D3-BF4B-00C04F79EFBC}") = "亂七八糟.Mediator", "亂七八糟.Mediator\亂七八糟.Mediator.csproj", "{1EAA3D29-4F21-47B1-8ADC-561E40A01FD7}"
EndProject
Project("{2150E333-8FDC-42A3-9474-1A3956D46DE8}") = "數據結構", "數據結構", "{C1B9CC90-04B6-4FE2-9E26-C3BC52E4EA9A}"
EndProject
Project("{2150E333-8FDC-42A3-9474-1A3956D46DE8}") = "算法", "算法", "{67B7E74E-9184-4825-AB38-6F7EAFAAFD44}"
EndProject
Project("{FAE04EC0-301F-11D3-BF4B-00C04F79EFBC}") = "亂七八糟.數據結構", "亂七八糟.數據結構\亂七八糟.數據結構.csproj", "{4142B24B-0C98-4238-A7A7-836A56F8FC5D}"
EndProject
Project("{FAE04EC0-301F-11D3-BF4B-00C04F79EFBC}") = "亂七八糟.Reflection", "亂七八糟.Reflection\亂七八糟.Reflection.csproj", "{A705D6E8-1462-458D-8A24-2D018ED13315}"
EndProject
Project("{2150E333-8FDC-42A3-9474-1A3956D46DE8}") = "Solution Items", "Solution Items", "{12CA87B4-87FE-4CE4-B714-258984BDEECD}"
EndProject
Project("{FAE04EC0-301F-11D3-BF4B-00C04F79EFBC}") = "亂七八糟.反射.WebAPI", "亂七八糟.反射.WebAPI\亂七八糟.反射.WebAPI.csproj", "{7BBAEA6B-10B3-44B0-9BC3-420E6C3AD85C}"
EndProject
Global
	GlobalSection(SolutionConfigurationPlatforms) = preSolution
		Debug|Any CPU = Debug|Any CPU
		Release|Any CPU = Release|Any CPU
	EndGlobalSection
	GlobalSection(ProjectConfigurationPlatforms) = postSolution
		{68376F49-03FF-4807-B0E4-C69AAC262AE2}.Debug|Any CPU.ActiveCfg = Debug|Any CPU
		{68376F49-03FF-4807-B0E4-C69AAC262AE2}.Debug|Any CPU.Build.0 = Debug|Any CPU
		{68376F49-03FF-4807-B0E4-C69AAC262AE2}.Release|Any CPU.ActiveCfg = Release|Any CPU
		{68376F49-03FF-4807-B0E4-C69AAC262AE2}.Release|Any CPU.Build.0 = Release|Any CPU
		{E169B0EE-4882-483C-B41E-384CA0212535}.Debug|Any CPU.ActiveCfg = Debug|Any CPU
		{E169B0EE-4882-483C-B41E-384CA0212535}.Debug|Any CPU.Build.0 = Debug|Any CPU
		{E169B0EE-4882-483C-B41E-384CA0212535}.Release|Any CPU.ActiveCfg = Release|Any CPU
		{E169B0EE-4882-483C-B41E-384CA0212535}.Release|Any CPU.Build.0 = Release|Any CPU
		{51F4C3B4-981F-4EAE-984E-5C50E00B1EA8}.Debug|Any CPU.ActiveCfg = Debug|Any CPU
		{51F4C3B4-981F-4EAE-984E-5C50E00B1EA8}.Debug|Any CPU.Build.0 = Debug|Any CPU
		{51F4C3B4-981F-4EAE-984E-5C50E00B1EA8}.Release|Any CPU.ActiveCfg = Release|Any CPU
		{51F4C3B4-981F-4EAE-984E-5C50E00B1EA8}.Release|Any CPU.Build.0 = Release|Any CPU
		{EBFA987D-C490-4144-8D7A-D8D471892525}.Debug|Any CPU.ActiveCfg = Debug|Any CPU
		{EBFA987D-C490-4144-8D7A-D8D471892525}.Debug|Any CPU.Build.0 = Debug|Any CPU
		{EBFA987D-C490-4144-8D7A-D8D471892525}.Release|Any CPU.ActiveCfg = Release|Any CPU
		{EBFA987D-C490-4144-8D7A-D8D471892525}.Release|Any CPU.Build.0 = Release|Any CPU
		{665BD8EE-4513-4CD3-9401-E6F35957B3DC}.Debug|Any CPU.ActiveCfg = Debug|Any CPU
		{665BD8EE-4513-4CD3-9401-E6F35957B3DC}.Debug|Any CPU.Build.0 = Debug|Any CPU
		{665BD8EE-4513-4CD3-9401-E6F35957B3DC}.Release|Any CPU.ActiveCfg = Release|Any CPU
		{665BD8EE-4513-4CD3-9401-E6F35957B3DC}.Release|Any CPU.Build.0 = Release|Any CPU
		{AFA626F4-A205-4EF7-92D8-FFFB0E4CBBA8}.Debug|Any CPU.ActiveCfg = Debug|Any CPU
		{AFA626F4-A205-4EF7-92D8-FFFB0E4CBBA8}.Debug|Any CPU.Build.0 = Debug|Any CPU
		{AFA626F4-A205-4EF7-92D8-FFFB0E4CBBA8}.Release|Any CPU.ActiveCfg = Release|Any CPU
		{AFA626F4-A205-4EF7-92D8-FFFB0E4CBBA8}.Release|Any CPU.Build.0 = Release|Any CPU
		{680E8153-F0EF-4541-A9A9-A87040059485}.Debug|Any CPU.ActiveCfg = Debug|Any CPU
		{680E8153-F0EF-4541-A9A9-A87040059485}.Debug|Any CPU.Build.0 = Debug|Any CPU
		{680E8153-F0EF-4541-A9A9-A87040059485}.Release|Any CPU.ActiveCfg = Release|Any CPU
		{680E8153-F0EF-4541-A9A9-A87040059485}.Release|Any CPU.Build.0 = Release|Any CPU
		{EA5A8E86-38B2-4650-91F8-ECDC76DC48B5}.Debug|Any CPU.ActiveCfg = Debug|Any CPU
		{EA5A8E86-38B2-4650-91F8-ECDC76DC48B5}.Debug|Any CPU.Build.0 = Debug|Any CPU
		{EA5A8E86-38B2-4650-91F8-ECDC76DC48B5}.Release|Any CPU.ActiveCfg = Release|Any CPU
		{EA5A8E86-38B2-4650-91F8-ECDC76DC48B5}.Release|Any CPU.Build.0 = Release|Any CPU
		{5EC77A4B-1033-47AD-ABEF-1E0CC96CE948}.Debug|Any CPU.ActiveCfg = Debug|Any CPU
		{5EC77A4B-1033-47AD-ABEF-1E0CC96CE948}.Debug|Any CPU.Build.0 = Debug|Any CPU
		{5EC77A4B-1033-47AD-ABEF-1E0CC96CE948}.Release|Any CPU.ActiveCfg = Release|Any CPU
		{5EC77A4B-1033-47AD-ABEF-1E0CC96CE948}.Release|Any CPU.Build.0 = Release|Any CPU
		{803F51AA-0F8F-4405-9841-5C1A4A296E8B}.Debug|Any CPU.ActiveCfg = Debug|Any CPU
		{803F51AA-0F8F-4405-9841-5C1A4A296E8B}.Debug|Any CPU.Build.0 = Debug|Any CPU
		{803F51AA-0F8F-4405-9841-5C1A4A296E8B}.Release|Any CPU.ActiveCfg = Release|Any CPU
		{803F51AA-0F8F-4405-9841-5C1A4A296E8B}.Release|Any CPU.Build.0 = Release|Any CPU
		{675D6E84-22BF-4B31-B3D7-E79DD3D3B13D}.Debug|Any CPU.ActiveCfg = Debug|Any CPU
		{675D6E84-22BF-4B31-B3D7-E79DD3D3B13D}.Debug|Any CPU.Build.0 = Debug|Any CPU
		{675D6E84-22BF-4B31-B3D7-E79DD3D3B13D}.Release|Any CPU.ActiveCfg = Release|Any CPU
		{675D6E84-22BF-4B31-B3D7-E79DD3D3B13D}.Release|Any CPU.Build.0 = Release|Any CPU
		{0EDF8BE6-5790-4764-B7D9-C86324128AC4}.Debug|Any CPU.ActiveCfg = Debug|Any CPU
		{0EDF8BE6-5790-4764-B7D9-C86324128AC4}.Debug|Any CPU.Build.0 = Debug|Any CPU
		{0EDF8BE6-5790-4764-B7D9-C86324128AC4}.Release|Any CPU.ActiveCfg = Release|Any CPU
		{0EDF8BE6-5790-4764-B7D9-C86324128AC4}.Release|Any CPU.Build.0 = Release|Any CPU
		{4A315682-B595-4C7D-9562-A2C8A4FC6773}.Debug|Any CPU.ActiveCfg = Debug|Any CPU
		{4A315682-B595-4C7D-9562-A2C8A4FC6773}.Debug|Any CPU.Build.0 = Debug|Any CPU
		{4A315682-B595-4C7D-9562-A2C8A4FC6773}.Release|Any CPU.ActiveCfg = Release|Any CPU
		{4A315682-B595-4C7D-9562-A2C8A4FC6773}.Release|Any CPU.Build.0 = Release|Any CPU
		{CFC4239F-9060-4CE4-A0CE-84C77E09C7E1}.Debug|Any CPU.ActiveCfg = Debug|Any CPU
		{CFC4239F-9060-4CE4-A0CE-84C77E09C7E1}.Debug|Any CPU.Build.0 = Debug|Any CPU
		{CFC4239F-9060-4CE4-A0CE-84C77E09C7E1}.Release|Any CPU.ActiveCfg = Release|Any CPU
		{CFC4239F-9060-4CE4-A0CE-84C77E09C7E1}.Release|Any CPU.Build.0 = Release|Any CPU
		{80B7712C-E6C3-4573-8071-A8AE56CF2471}.Debug|Any CPU.ActiveCfg = Debug|Any CPU
		{80B7712C-E6C3-4573-8071-A8AE56CF2471}.Debug|Any CPU.Build.0 = Debug|Any CPU
		{80B7712C-E6C3-4573-8071-A8AE56CF2471}.Release|Any CPU.ActiveCfg = Release|Any CPU
		{80B7712C-E6C3-4573-8071-A8AE56CF2471}.Release|Any CPU.Build.0 = Release|Any CPU
		{DC5CA6F5-468D-44D4-8D12-B5BD0F5E1D39}.Debug|Any CPU.ActiveCfg = Debug|Any CPU
		{DC5CA6F5-468D-44D4-8D12-B5BD0F5E1D39}.Debug|Any CPU.Build.0 = Debug|Any CPU
		{DC5CA6F5-468D-44D4-8D12-B5BD0F5E1D39}.Release|Any CPU.ActiveCfg = Release|Any CPU
		{DC5CA6F5-468D-44D4-8D12-B5BD0F5E1D39}.Release|Any CPU.Build.0 = Release|Any CPU
		{2E615FB8-DEE6-4EB0-8A16-F490510A7ED6}.Debug|Any CPU.ActiveCfg = Debug|Any CPU
		{2E615FB8-DEE6-4EB0-8A16-F490510A7ED6}.Debug|Any CPU.Build.0 = Debug|Any CPU
		{2E615FB8-DEE6-4EB0-8A16-F490510A7ED6}.Release|Any CPU.ActiveCfg = Release|Any CPU
		{2E615FB8-DEE6-4EB0-8A16-F490510A7ED6}.Release|Any CPU.Build.0 = Release|Any CPU
		{49B623EE-6AD7-408B-B676-9A62C6401C67}.Debug|Any CPU.ActiveCfg = Debug|Any CPU
		{49B623EE-6AD7-408B-B676-9A62C6401C67}.Debug|Any CPU.Build.0 = Debug|Any CPU
		{49B623EE-6AD7-408B-B676-9A62C6401C67}.Release|Any CPU.ActiveCfg = Release|Any CPU
		{49B623EE-6AD7-408B-B676-9A62C6401C67}.Release|Any CPU.Build.0 = Release|Any CPU
		{8BFEB99B-343C-4357-A18F-EFFAC0C6C193}.Debug|Any CPU.ActiveCfg = Debug|Any CPU
		{8BFEB99B-343C-4357-A18F-EFFAC0C6C193}.Debug|Any CPU.Build.0 = Debug|Any CPU
		{8BFEB99B-343C-4357-A18F-EFFAC0C6C193}.Release|Any CPU.ActiveCfg = Release|Any CPU
		{8BFEB99B-343C-4357-A18F-EFFAC0C6C193}.Release|Any CPU.Build.0 = Release|Any CPU
		{65527A88-92B3-4D67-ACF4-6A1C917DEEBB}.Debug|Any CPU.ActiveCfg = Debug|Any CPU
		{65527A88-92B3-4D67-ACF4-6A1C917DEEBB}.Debug|Any CPU.Build.0 = Debug|Any CPU
		{65527A88-92B3-4D67-ACF4-6A1C917DEEBB}.Release|Any CPU.ActiveCfg = Release|Any CPU
		{65527A88-92B3-4D67-ACF4-6A1C917DEEBB}.Release|Any CPU.Build.0 = Release|Any CPU
		{06835989-6D6E-4D81-A9C8-22F0E3E9EF7D}.Debug|Any CPU.ActiveCfg = Debug|Any CPU
		{06835989-6D6E-4D81-A9C8-22F0E3E9EF7D}.Debug|Any CPU.Build.0 = Debug|Any CPU
		{06835989-6D6E-4D81-A9C8-22F0E3E9EF7D}.Release|Any CPU.ActiveCfg = Release|Any CPU
		{06835989-6D6E-4D81-A9C8-22F0E3E9EF7D}.Release|Any CPU.Build.0 = Release|Any CPU
		{375AEDC3-DA5E-4846-A94B-867EE1673C19}.Debug|Any CPU.ActiveCfg = Debug|Any CPU
		{375AEDC3-DA5E-4846-A94B-867EE1673C19}.Debug|Any CPU.Build.0 = Debug|Any CPU
		{375AEDC3-DA5E-4846-A94B-867EE1673C19}.Release|Any CPU.ActiveCfg = Release|Any CPU
		{375AEDC3-DA5E-4846-A94B-867EE1673C19}.Release|Any CPU.Build.0 = Release|Any CPU
		{306734FB-402D-40B8-AB25-C821AEE93227}.Debug|Any CPU.ActiveCfg = Debug|Any CPU
		{306734FB-402D-40B8-AB25-C821AEE93227}.Debug|Any CPU.Build.0 = Debug|Any CPU
		{306734FB-402D-40B8-AB25-C821AEE93227}.Release|Any CPU.ActiveCfg = Release|Any CPU
		{306734FB-402D-40B8-AB25-C821AEE93227}.Release|Any CPU.Build.0 = Release|Any CPU
		{A2B7870A-64BF-48C3-BC41-AF7CBEC3BAF9}.Debug|Any CPU.ActiveCfg = Debug|Any CPU
		{A2B7870A-64BF-48C3-BC41-AF7CBEC3BAF9}.Debug|Any CPU.Build.0 = Debug|Any CPU
		{A2B7870A-64BF-48C3-BC41-AF7CBEC3BAF9}.Release|Any CPU.ActiveCfg = Release|Any CPU
		{A2B7870A-64BF-48C3-BC41-AF7CBEC3BAF9}.Release|Any CPU.Build.0 = Release|Any CPU
		{FA58E8F5-1E7D-44FB-8D9C-E2AAF03865C9}.Debug|Any CPU.ActiveCfg = Debug|Any CPU
		{FA58E8F5-1E7D-44FB-8D9C-E2AAF03865C9}.Debug|Any CPU.Build.0 = Debug|Any CPU
		{FA58E8F5-1E7D-44FB-8D9C-E2AAF03865C9}.Release|Any CPU.ActiveCfg = Release|Any CPU
		{FA58E8F5-1E7D-44FB-8D9C-E2AAF03865C9}.Release|Any CPU.Build.0 = Release|Any CPU
		{1EAA3D29-4F21-47B1-8ADC-561E40A01FD7}.Debug|Any CPU.ActiveCfg = Debug|Any CPU
		{1EAA3D29-4F21-47B1-8ADC-561E40A01FD7}.Debug|Any CPU.Build.0 = Debug|Any CPU
		{1EAA3D29-4F21-47B1-8ADC-561E40A01FD7}.Release|Any CPU.ActiveCfg = Release|Any CPU
		{1EAA3D29-4F21-47B1-8ADC-561E40A01FD7}.Release|Any CPU.Build.0 = Release|Any CPU
		{4142B24B-0C98-4238-A7A7-836A56F8FC5D}.Debug|Any CPU.ActiveCfg = Debug|Any CPU
		{4142B24B-0C98-4238-A7A7-836A56F8FC5D}.Debug|Any CPU.Build.0 = Debug|Any CPU
		{4142B24B-0C98-4238-A7A7-836A56F8FC5D}.Release|Any CPU.ActiveCfg = Release|Any CPU
		{4142B24B-0C98-4238-A7A7-836A56F8FC5D}.Release|Any CPU.Build.0 = Release|Any CPU
		{A705D6E8-1462-458D-8A24-2D018ED13315}.Debug|Any CPU.ActiveCfg = Debug|Any CPU
		{A705D6E8-1462-458D-8A24-2D018ED13315}.Debug|Any CPU.Build.0 = Debug|Any CPU
		{A705D6E8-1462-458D-8A24-2D018ED13315}.Release|Any CPU.ActiveCfg = Release|Any CPU
		{A705D6E8-1462-458D-8A24-2D018ED13315}.Release|Any CPU.Build.0 = Release|Any CPU
		{7BBAEA6B-10B3-44B0-9BC3-420E6C3AD85C}.Debug|Any CPU.ActiveCfg = Debug|Any CPU
		{7BBAEA6B-10B3-44B0-9BC3-420E6C3AD85C}.Debug|Any CPU.Build.0 = Debug|Any CPU
		{7BBAEA6B-10B3-44B0-9BC3-420E6C3AD85C}.Release|Any CPU.ActiveCfg = Release|Any CPU
		{7BBAEA6B-10B3-44B0-9BC3-420E6C3AD85C}.Release|Any CPU.Build.0 = Release|Any CPU
	EndGlobalSection
	GlobalSection(SolutionProperties) = preSolution
		HideSolutionNode = FALSE
	EndGlobalSection
	GlobalSection(NestedProjects) = preSolution
		{306734FB-402D-40B8-AB25-C821AEE93227} = {F9ABA2B7-D55D-4CF8-BB7F-B8ECC29608F9}
		{A2B7870A-64BF-48C3-BC41-AF7CBEC3BAF9} = {F9ABA2B7-D55D-4CF8-BB7F-B8ECC29608F9}
		{FA58E8F5-1E7D-44FB-8D9C-E2AAF03865C9} = {F9ABA2B7-D55D-4CF8-BB7F-B8ECC29608F9}
		{1EAA3D29-4F21-47B1-8ADC-561E40A01FD7} = {F9ABA2B7-D55D-4CF8-BB7F-B8ECC29608F9}
		{4142B24B-0C98-4238-A7A7-836A56F8FC5D} = {C1B9CC90-04B6-4FE2-9E26-C3BC52E4EA9A}
		{A705D6E8-1462-458D-8A24-2D018ED13315} = {F9ABA2B7-D55D-4CF8-BB7F-B8ECC29608F9}
		{12CA87B4-87FE-4CE4-B714-258984BDEECD} = {F9ABA2B7-D55D-4CF8-BB7F-B8ECC29608F9}
		{7BBAEA6B-10B3-44B0-9BC3-420E6C3AD85C} = {12CA87B4-87FE-4CE4-B714-258984BDEECD}
	EndGlobalSection
EndGlobal
