
Microsoft Visual Studio Solution File, Format Version 12.00
# Visual Studio Version 17
VisualStudioVersion = 17.12.35506.116
MinimumVisualStudioVersion = 10.0.40219.1
Project("{FAE04EC0-301F-11D3-BF4B-00C04F79EFBC}") = "亂七八糟.AppHost", "亂七八糟.AppHost\亂七八糟.AppHost.csproj", "{68376F49-03FF-4807-B0E4-C69AAC262AE2}"
EndProject
Project("{FAE04EC0-301F-11D3-BF4B-00C04F79EFBC}") = "亂七八糟.ServiceDefaults", "亂七八糟.ServiceDefaults\亂七八糟.ServiceDefaults.csproj", "{E169B0EE-4882-483C-B41E-384CA0212535}"
EndProject
Project("{FAE04EC0-301F-11D3-BF4B-00C04F79EFBC}") = "亂七八糟.ApiService", "亂七八糟.ApiService\亂七八糟.ApiService.csproj", "{51F4C3B4-981F-4EAE-984E-5C50E00B1EA8}"
EndProject
Project("{FAE04EC0-301F-11D3-BF4B-00C04F79EFBC}") = "亂七八糟.Web", "亂七八糟.Web\亂七八糟.Web.csproj", "{EBFA987D-C490-4144-8D7A-D8D471892525}"
EndProject
Project("{FAE04EC0-301F-11D3-BF4B-00C04F79EFBC}") = "亂七八糟.Tests", "亂七八糟.Tests\亂七八糟.Tests.csproj", "{665BD8EE-4513-4CD3-9401-E6F35957B3DC}"
EndProject
Project("{FAE04EC0-301F-11D3-BF4B-00C04F79EFBC}") = "亂七八糟.Model", "亂七八糟.Model\亂七八糟.Model.csproj", "{AFA626F4-A205-4EF7-92D8-FFFB0E4CBBA8}"
EndProject
Project("{FAE04EC0-301F-11D3-BF4B-00C04F79EFBC}") = "亂七八糟.RazorClassLibrary", "亂七八糟.RazorClassLibrary\亂七八糟.RazorClassLibrary.csproj", "{680E8153-F0EF-4541-A9A9-A87040059485}"
EndProject
Project("{FAE04EC0-301F-11D3-BF4B-00C04F79EFBC}") = "亂七八糟.Shared", "亂七八糟.Shared\亂七八糟.Shared.csproj", "{EA5A8E86-38B2-4650-91F8-ECDC76DC48B5}"
EndProject
Global
	GlobalSection(SolutionConfigurationPlatforms) = preSolution
		Debug|Any CPU = Debug|Any CPU
		Release|Any CPU = Release|Any CPU
	EndGlobalSection
	GlobalSection(ProjectConfigurationPlatforms) = postSolution
		{68376F49-03FF-4807-B0E4-C69AAC262AE2}.Debug|Any CPU.ActiveCfg = Debug|Any CPU
		{68376F49-03FF-4807-B0E4-C69AAC262AE2}.Debug|Any CPU.Build.0 = Debug|Any CPU
		{68376F49-03FF-4807-B0E4-C69AAC262AE2}.Release|Any CPU.ActiveCfg = Release|Any CPU
		{68376F49-03FF-4807-B0E4-C69AAC262AE2}.Release|Any CPU.Build.0 = Release|Any CPU
		{E169B0EE-4882-483C-B41E-384CA0212535}.Debug|Any CPU.ActiveCfg = Debug|Any CPU
		{E169B0EE-4882-483C-B41E-384CA0212535}.Debug|Any CPU.Build.0 = Debug|Any CPU
		{E169B0EE-4882-483C-B41E-384CA0212535}.Release|Any CPU.ActiveCfg = Release|Any CPU
		{E169B0EE-4882-483C-B41E-384CA0212535}.Release|Any CPU.Build.0 = Release|Any CPU
		{51F4C3B4-981F-4EAE-984E-5C50E00B1EA8}.Debug|Any CPU.ActiveCfg = Debug|Any CPU
		{51F4C3B4-981F-4EAE-984E-5C50E00B1EA8}.Debug|Any CPU.Build.0 = Debug|Any CPU
		{51F4C3B4-981F-4EAE-984E-5C50E00B1EA8}.Release|Any CPU.ActiveCfg = Release|Any CPU
		{51F4C3B4-981F-4EAE-984E-5C50E00B1EA8}.Release|Any CPU.Build.0 = Release|Any CPU
		{EBFA987D-C490-4144-8D7A-D8D471892525}.Debug|Any CPU.ActiveCfg = Debug|Any CPU
		{EBFA987D-C490-4144-8D7A-D8D471892525}.Debug|Any CPU.Build.0 = Debug|Any CPU
		{EBFA987D-C490-4144-8D7A-D8D471892525}.Release|Any CPU.ActiveCfg = Release|Any CPU
		{EBFA987D-C490-4144-8D7A-D8D471892525}.Release|Any CPU.Build.0 = Release|Any CPU
		{665BD8EE-4513-4CD3-9401-E6F35957B3DC}.Debug|Any CPU.ActiveCfg = Debug|Any CPU
		{665BD8EE-4513-4CD3-9401-E6F35957B3DC}.Debug|Any CPU.Build.0 = Debug|Any CPU
		{665BD8EE-4513-4CD3-9401-E6F35957B3DC}.Release|Any CPU.ActiveCfg = Release|Any CPU
		{665BD8EE-4513-4CD3-9401-E6F35957B3DC}.Release|Any CPU.Build.0 = Release|Any CPU
		{AFA626F4-A205-4EF7-92D8-FFFB0E4CBBA8}.Debug|Any CPU.ActiveCfg = Debug|Any CPU
		{AFA626F4-A205-4EF7-92D8-FFFB0E4CBBA8}.Debug|Any CPU.Build.0 = Debug|Any CPU
		{AFA626F4-A205-4EF7-92D8-FFFB0E4CBBA8}.Release|Any CPU.ActiveCfg = Release|Any CPU
		{AFA626F4-A205-4EF7-92D8-FFFB0E4CBBA8}.Release|Any CPU.Build.0 = Release|Any CPU
		{680E8153-F0EF-4541-A9A9-A87040059485}.Debug|Any CPU.ActiveCfg = Debug|Any CPU
		{680E8153-F0EF-4541-A9A9-A87040059485}.Debug|Any CPU.Build.0 = Debug|Any CPU
		{680E8153-F0EF-4541-A9A9-A87040059485}.Release|Any CPU.ActiveCfg = Release|Any CPU
		{680E8153-F0EF-4541-A9A9-A87040059485}.Release|Any CPU.Build.0 = Release|Any CPU
		{EA5A8E86-38B2-4650-91F8-ECDC76DC48B5}.Debug|Any CPU.ActiveCfg = Debug|Any CPU
		{EA5A8E86-38B2-4650-91F8-ECDC76DC48B5}.Debug|Any CPU.Build.0 = Debug|Any CPU
		{EA5A8E86-38B2-4650-91F8-ECDC76DC48B5}.Release|Any CPU.ActiveCfg = Release|Any CPU
		{EA5A8E86-38B2-4650-91F8-ECDC76DC48B5}.Release|Any CPU.Build.0 = Release|Any CPU
	EndGlobalSection
	GlobalSection(SolutionProperties) = preSolution
		HideSolutionNode = FALSE
	EndGlobalSection
EndGlobal
